
Microsoft Visual Studio Solution File, Format Version 12.00
# Visual Studio Version 17
VisualStudioVersion = 17.3.32929.385
MinimumVisualStudioVersion = 10.0.40219.1
Project("{9A19103F-16F7-4668-BE54-9A1E7A4F7556}") = "eKlinika", "eKlinika\eKlinika.csproj", "{E73CE11C-20B7-4E95-8E4F-80D82406201F}"
EndProject
Project("{9A19103F-16F7-4668-BE54-9A1E7A4F7556}") = "eKlinika.Model", "eKlinika.Model\eKlinika.Model.csproj", "{7077B892-94A3-4F40-8980-DFB1629AD9C5}"
EndProject
Project("{9A19103F-16F7-4668-BE54-9A1E7A4F7556}") = "eKlinika.Services", "eKlinika.Services\eKlinika.Services.csproj", "{B0568A52-6300-4ED4-AEA7-FE20AFE6F470}"
EndProject
Project("{2150E333-8FDC-42A3-9474-1A3956D46DE8}") = "Solution Items", "Solution Items", "{CF44CC95-40EF-4A02-AB3A-5C5DD450DA3D}"
	ProjectSection(SolutionItems) = preProject
		docker-compose.yml = docker-compose.yml
		Dockerfile = Dockerfile
	EndProjectSection
EndProject
Global
	GlobalSection(SolutionConfigurationPlatforms) = preSolution
		Debug|Any CPU = Debug|Any CPU
		Debug|x64 = Debug|x64
		Debug|x86 = Debug|x86
		Release|Any CPU = Release|Any CPU
		Release|x64 = Release|x64
		Release|x86 = Release|x86
	EndGlobalSection
	GlobalSection(ProjectConfigurationPlatforms) = postSolution
		{E73CE11C-20B7-4E95-8E4F-80D82406201F}.Debug|Any CPU.ActiveCfg = Debug|Any CPU
		{E73CE11C-20B7-4E95-8E4F-80D82406201F}.Debug|Any CPU.Build.0 = Debug|Any CPU
		{E73CE11C-20B7-4E95-8E4F-80D82406201F}.Debug|x64.ActiveCfg = Debug|Any CPU
		{E73CE11C-20B7-4E95-8E4F-80D82406201F}.Debug|x64.Build.0 = Debug|Any CPU
		{E73CE11C-20B7-4E95-8E4F-80D82406201F}.Debug|x86.ActiveCfg = Debug|Any CPU
		{E73CE11C-20B7-4E95-8E4F-80D82406201F}.Debug|x86.Build.0 = Debug|Any CPU
		{E73CE11C-20B7-4E95-8E4F-80D82406201F}.Release|Any CPU.ActiveCfg = Release|Any CPU
		{E73CE11C-20B7-4E95-8E4F-80D82406201F}.Release|Any CPU.Build.0 = Release|Any CPU
		{E73CE11C-20B7-4E95-8E4F-80D82406201F}.Release|x64.ActiveCfg = Release|Any CPU
		{E73CE11C-20B7-4E95-8E4F-80D82406201F}.Release|x64.Build.0 = Release|Any CPU
		{E73CE11C-20B7-4E95-8E4F-80D82406201F}.Release|x86.ActiveCfg = Release|Any CPU
		{E73CE11C-20B7-4E95-8E4F-80D82406201F}.Release|x86.Build.0 = Release|Any CPU
		{7077B892-94A3-4F40-8980-DFB1629AD9C5}.Debug|Any CPU.ActiveCfg = Debug|Any CPU
		{7077B892-94A3-4F40-8980-DFB1629AD9C5}.Debug|Any CPU.Build.0 = Debug|Any CPU
		{7077B892-94A3-4F40-8980-DFB1629AD9C5}.Debug|x64.ActiveCfg = Debug|Any CPU
		{7077B892-94A3-4F40-8980-DFB1629AD9C5}.Debug|x64.Build.0 = Debug|Any CPU
		{7077B892-94A3-4F40-8980-DFB1629AD9C5}.Debug|x86.ActiveCfg = Debug|Any CPU
		{7077B892-94A3-4F40-8980-DFB1629AD9C5}.Debug|x86.Build.0 = Debug|Any CPU
		{7077B892-94A3-4F40-8980-DFB1629AD9C5}.Release|Any CPU.ActiveCfg = Release|Any CPU
		{7077B892-94A3-4F40-8980-DFB1629AD9C5}.Release|Any CPU.Build.0 = Release|Any CPU
		{7077B892-94A3-4F40-8980-DFB1629AD9C5}.Release|x64.ActiveCfg = Release|Any CPU
		{7077B892-94A3-4F40-8980-DFB1629AD9C5}.Release|x64.Build.0 = Release|Any CPU
		{7077B892-94A3-4F40-8980-DFB1629AD9C5}.Release|x86.ActiveCfg = Release|Any CPU
		{7077B892-94A3-4F40-8980-DFB1629AD9C5}.Release|x86.Build.0 = Release|Any CPU
		{B0568A52-6300-4ED4-AEA7-FE20AFE6F470}.Debug|Any CPU.ActiveCfg = Debug|Any CPU
		{B0568A52-6300-4ED4-AEA7-FE20AFE6F470}.Debug|Any CPU.Build.0 = Debug|Any CPU
		{B0568A52-6300-4ED4-AEA7-FE20AFE6F470}.Debug|x64.ActiveCfg = Debug|Any CPU
		{B0568A52-6300-4ED4-AEA7-FE20AFE6F470}.Debug|x64.Build.0 = Debug|Any CPU
		{B0568A52-6300-4ED4-AEA7-FE20AFE6F470}.Debug|x86.ActiveCfg = Debug|Any CPU
		{B0568A52-6300-4ED4-AEA7-FE20AFE6F470}.Debug|x86.Build.0 = Debug|Any CPU
		{B0568A52-6300-4ED4-AEA7-FE20AFE6F470}.Release|Any CPU.ActiveCfg = Release|Any CPU
		{B0568A52-6300-4ED4-AEA7-FE20AFE6F470}.Release|Any CPU.Build.0 = Release|Any CPU
		{B0568A52-6300-4ED4-AEA7-FE20AFE6F470}.Release|x64.ActiveCfg = Release|Any CPU
		{B0568A52-6300-4ED4-AEA7-FE20AFE6F470}.Release|x64.Build.0 = Release|Any CPU
		{B0568A52-6300-4ED4-AEA7-FE20AFE6F470}.Release|x86.ActiveCfg = Release|Any CPU
		{B0568A52-6300-4ED4-AEA7-FE20AFE6F470}.Release|x86.Build.0 = Release|Any CPU
	EndGlobalSection
	GlobalSection(SolutionProperties) = preSolution
		HideSolutionNode = FALSE
	EndGlobalSection
	GlobalSection(ExtensibilityGlobals) = postSolution
		SolutionGuid = {3529F2B3-E4BD-4053-8355-7170C3C8435E}
	EndGlobalSection
EndGlobal
